
Microsoft Visual Studio Solution File, Format Version 12.00
# Visual Studio Version 17
VisualStudioVersion = 17.13.35919.96 d17.13
MinimumVisualStudioVersion = 10.0.40219.1
Project("{FAE04EC0-301F-11D3-BF4B-00C04F79EFBC}") = "Avalonia_home", "DwaWidoki\Avalonia_home.csproj", "{3BF79149-7318-42F3-89CD-F32849AC311B}"
EndProject
Global
	GlobalSection(SolutionConfigurationPlatforms) = preSolution
		Debug|Any CPU = Debug|Any CPU
		Release|Any CPU = Release|Any CPU
	EndGlobalSection
	GlobalSection(ProjectConfigurationPlatforms) = postSolution
		{3BF79149-7318-42F3-89CD-F32849AC311B}.Debug|Any CPU.ActiveCfg = Debug|Any CPU
		{3BF79149-7318-42F3-89CD-F32849AC311B}.Debug|Any CPU.Build.0 = Debug|Any CPU
		{3BF79149-7318-42F3-89CD-F32849AC311B}.Release|Any CPU.ActiveCfg = Release|Any CPU
		{3BF79149-7318-42F3-89CD-F32849AC311B}.Release|Any CPU.Build.0 = Release|Any CPU
	EndGlobalSection
	GlobalSection(SolutionProperties) = preSolution
		HideSolutionNode = FALSE
	EndGlobalSection
	GlobalSection(ExtensibilityGlobals) = postSolution
		SolutionGuid = {5EB755A7-4997-431E-9DC0-062ADE4736F9}
	EndGlobalSection
EndGlobal
